
Microsoft Visual Studio Solution File, Format Version 12.00
# Visual Studio Version 17
VisualStudioVersion = 17.10.35122.118
MinimumVisualStudioVersion = 10.0.40219.1
Project("{9A19103F-16F7-4668-BE54-9A1E7A4F7556}") = "PhonebookSoln.Core", "PhonebookSoln.Core\PhonebookSoln.Core.csproj", "{20BFEF90-3E42-4CD8-A935-4C12121106B3}"
EndProject
Project("{9A19103F-16F7-4668-BE54-9A1E7A4F7556}") = "PhonebookSoln.Application", "PhonebookSoln.Application\PhonebookSoln.Application.csproj", "{91CBCB61-47BC-4B30-B871-342B7A772B18}"
EndProject
Project("{9A19103F-16F7-4668-BE54-9A1E7A4F7556}") = "PhonebookSoln.Infrastructure", "PhonebookSoln.Infrastructure\PhonebookSoln.Infrastructure.csproj", "{ED23D4B0-39B1-4F1D-8814-90A7BD5C3CAF}"
EndProject
Project("{9A19103F-16F7-4668-BE54-9A1E7A4F7556}") = "PhonebookSoln.Presentation", "PhonebookSoln.Presentation\PhonebookSoln.Presentation.csproj", "{D6C95EA3-6966-40A7-BBB0-3211534434EB}"
EndProject
Project("{FAE04EC0-301F-11D3-BF4B-00C04F79EFBC}") = "PhonebookSoln.Tests", "PhonebookSoln.Tests\PhonebookSoln.Tests.csproj", "{DE9987BC-506E-448A-B112-74E84A16EDCA}"
EndProject
Global
	GlobalSection(SolutionConfigurationPlatforms) = preSolution
		Debug|Any CPU = Debug|Any CPU
		Release|Any CPU = Release|Any CPU
	EndGlobalSection
	GlobalSection(ProjectConfigurationPlatforms) = postSolution
		{20BFEF90-3E42-4CD8-A935-4C12121106B3}.Debug|Any CPU.ActiveCfg = Debug|Any CPU
		{20BFEF90-3E42-4CD8-A935-4C12121106B3}.Debug|Any CPU.Build.0 = Debug|Any CPU
		{20BFEF90-3E42-4CD8-A935-4C12121106B3}.Release|Any CPU.ActiveCfg = Release|Any CPU
		{20BFEF90-3E42-4CD8-A935-4C12121106B3}.Release|Any CPU.Build.0 = Release|Any CPU
		{91CBCB61-47BC-4B30-B871-342B7A772B18}.Debug|Any CPU.ActiveCfg = Debug|Any CPU
		{91CBCB61-47BC-4B30-B871-342B7A772B18}.Debug|Any CPU.Build.0 = Debug|Any CPU
		{91CBCB61-47BC-4B30-B871-342B7A772B18}.Release|Any CPU.ActiveCfg = Release|Any CPU
		{91CBCB61-47BC-4B30-B871-342B7A772B18}.Release|Any CPU.Build.0 = Release|Any CPU
		{ED23D4B0-39B1-4F1D-8814-90A7BD5C3CAF}.Debug|Any CPU.ActiveCfg = Debug|Any CPU
		{ED23D4B0-39B1-4F1D-8814-90A7BD5C3CAF}.Debug|Any CPU.Build.0 = Debug|Any CPU
		{ED23D4B0-39B1-4F1D-8814-90A7BD5C3CAF}.Release|Any CPU.ActiveCfg = Release|Any CPU
		{ED23D4B0-39B1-4F1D-8814-90A7BD5C3CAF}.Release|Any CPU.Build.0 = Release|Any CPU
		{D6C95EA3-6966-40A7-BBB0-3211534434EB}.Debug|Any CPU.ActiveCfg = Debug|Any CPU
		{D6C95EA3-6966-40A7-BBB0-3211534434EB}.Debug|Any CPU.Build.0 = Debug|Any CPU
		{D6C95EA3-6966-40A7-BBB0-3211534434EB}.Release|Any CPU.ActiveCfg = Release|Any CPU
		{D6C95EA3-6966-40A7-BBB0-3211534434EB}.Release|Any CPU.Build.0 = Release|Any CPU
		{DE9987BC-506E-448A-B112-74E84A16EDCA}.Debug|Any CPU.ActiveCfg = Debug|Any CPU
		{DE9987BC-506E-448A-B112-74E84A16EDCA}.Debug|Any CPU.Build.0 = Debug|Any CPU
		{DE9987BC-506E-448A-B112-74E84A16EDCA}.Release|Any CPU.ActiveCfg = Release|Any CPU
		{DE9987BC-506E-448A-B112-74E84A16EDCA}.Release|Any CPU.Build.0 = Release|Any CPU
	EndGlobalSection
	GlobalSection(SolutionProperties) = preSolution
		HideSolutionNode = FALSE
	EndGlobalSection
	GlobalSection(ExtensibilityGlobals) = postSolution
		SolutionGuid = {8A8D70A2-DE86-4842-9026-2624486C9B9B}
	EndGlobalSection
EndGlobal
